
Microsoft Visual Studio Solution File, Format Version 12.00
# Visual Studio Version 17
VisualStudioVersion = 17.3.32929.385
MinimumVisualStudioVersion = 10.0.40219.1
Project("{FAE04EC0-301F-11D3-BF4B-00C04F79EFBC}") = "DataStructuresAndAlgorithms", "DataStructuresAndAlgorithms\DataStructuresAndAlgorithms.csproj", "{C6FBE81C-0B9D-4F9E-A1D7-8010D175C7BA}"
EndProject
Global
	GlobalSection(SolutionConfigurationPlatforms) = preSolution
		Debug|Any CPU = Debug|Any CPU
		Release|Any CPU = Release|Any CPU
	EndGlobalSection
	GlobalSection(ProjectConfigurationPlatforms) = postSolution
		{C6FBE81C-0B9D-4F9E-A1D7-8010D175C7BA}.Debug|Any CPU.ActiveCfg = Debug|Any CPU
		{C6FBE81C-0B9D-4F9E-A1D7-8010D175C7BA}.Debug|Any CPU.Build.0 = Debug|Any CPU
		{C6FBE81C-0B9D-4F9E-A1D7-8010D175C7BA}.Release|Any CPU.ActiveCfg = Release|Any CPU
		{C6FBE81C-0B9D-4F9E-A1D7-8010D175C7BA}.Release|Any CPU.Build.0 = Release|Any CPU
	EndGlobalSection
	GlobalSection(SolutionProperties) = preSolution
		HideSolutionNode = FALSE
	EndGlobalSection
	GlobalSection(ExtensibilityGlobals) = postSolution
		SolutionGuid = {66825307-5C14-4C20-B581-989529D46654}
	EndGlobalSection
EndGlobal
